
Microsoft Visual Studio Solution File, Format Version 12.00
# Visual Studio Version 17
VisualStudioVersion = 17.14.36301.6
MinimumVisualStudioVersion = 10.0.40219.1
Project("{FAE04EC0-301F-11D3-BF4B-00C04F79EFBC}") = "QuickDict", "QuickDict\QuickDict.csproj", "{C7586C34-756D-6330-B852-115DC76CC4E8}"
EndProject
Project("{FAE04EC0-301F-11D3-BF4B-00C04F79EFBC}") = "QuickDict.Test", "QuickDict.Test\QuickDict.Test.csproj", "{D86BBABA-AA4A-B2C6-B4FB-698A124E794B}"
EndProject
Global
	GlobalSection(SolutionConfigurationPlatforms) = preSolution
		Debug|Any CPU = Debug|Any CPU
		Release|Any CPU = Release|Any CPU
	EndGlobalSection
	GlobalSection(ProjectConfigurationPlatforms) = postSolution
		{C7586C34-756D-6330-B852-115DC76CC4E8}.Debug|Any CPU.ActiveCfg = Debug|Any CPU
		{C7586C34-756D-6330-B852-115DC76CC4E8}.Debug|Any CPU.Build.0 = Debug|Any CPU
		{C7586C34-756D-6330-B852-115DC76CC4E8}.Release|Any CPU.ActiveCfg = Release|Any CPU
		{C7586C34-756D-6330-B852-115DC76CC4E8}.Release|Any CPU.Build.0 = Release|Any CPU
		{D86BBABA-AA4A-B2C6-B4FB-698A124E794B}.Debug|Any CPU.ActiveCfg = Debug|Any CPU
		{D86BBABA-AA4A-B2C6-B4FB-698A124E794B}.Debug|Any CPU.Build.0 = Debug|Any CPU
		{D86BBABA-AA4A-B2C6-B4FB-698A124E794B}.Release|Any CPU.ActiveCfg = Release|Any CPU
		{D86BBABA-AA4A-B2C6-B4FB-698A124E794B}.Release|Any CPU.Build.0 = Release|Any CPU
	EndGlobalSection
	GlobalSection(SolutionProperties) = preSolution
		HideSolutionNode = FALSE
	EndGlobalSection
	GlobalSection(ExtensibilityGlobals) = postSolution
		SolutionGuid = {69046AAE-9C5C-47F7-9F5D-A30E6EC3564D}
	EndGlobalSection
EndGlobal
